
Microsoft Visual Studio Solution File, Format Version 12.00
# Visual Studio Version 17
VisualStudioVersion = 17.10.35013.160
MinimumVisualStudioVersion = 10.0.40219.1
Project("{FAE04EC0-301F-11D3-BF4B-00C04F79EFBC}") = "web_api_for_cicd_aws", "web_api_for_cicd_aws\web_api_for_cicd_aws.csproj", "{3730FC0B-6CE5-4552-AA87-94A7FFFE6A6F}"
EndProject
Project("{FAE04EC0-301F-11D3-BF4B-00C04F79EFBC}") = "web_api_for_cicd_aws.test", "web_api_for_cicd_aws.test\web_api_for_cicd_aws.test.csproj", "{33D16616-A03E-4670-9223-4FB028C513E2}"
EndProject
Global
	GlobalSection(SolutionConfigurationPlatforms) = preSolution
		Debug|Any CPU = Debug|Any CPU
		Release|Any CPU = Release|Any CPU
	EndGlobalSection
	GlobalSection(ProjectConfigurationPlatforms) = postSolution
		{3730FC0B-6CE5-4552-AA87-94A7FFFE6A6F}.Debug|Any CPU.ActiveCfg = Debug|Any CPU
		{3730FC0B-6CE5-4552-AA87-94A7FFFE6A6F}.Debug|Any CPU.Build.0 = Debug|Any CPU
		{3730FC0B-6CE5-4552-AA87-94A7FFFE6A6F}.Release|Any CPU.ActiveCfg = Release|Any CPU
		{3730FC0B-6CE5-4552-AA87-94A7FFFE6A6F}.Release|Any CPU.Build.0 = Release|Any CPU
		{33D16616-A03E-4670-9223-4FB028C513E2}.Debug|Any CPU.ActiveCfg = Debug|Any CPU
		{33D16616-A03E-4670-9223-4FB028C513E2}.Debug|Any CPU.Build.0 = Debug|Any CPU
		{33D16616-A03E-4670-9223-4FB028C513E2}.Release|Any CPU.ActiveCfg = Release|Any CPU
		{33D16616-A03E-4670-9223-4FB028C513E2}.Release|Any CPU.Build.0 = Release|Any CPU
	EndGlobalSection
	GlobalSection(SolutionProperties) = preSolution
		HideSolutionNode = FALSE
	EndGlobalSection
	GlobalSection(ExtensibilityGlobals) = postSolution
		SolutionGuid = {FCE0595A-132C-4B4D-AB03-72F88E95E8F6}
	EndGlobalSection
EndGlobal
